
Microsoft Visual Studio Solution File, Format Version 12.00
Project("{FAE04EC0-301F-11D3-BF4B-00C04F79EFBC}") = "Xam.Zero", "Xam.Zero\Xam.Zero.csproj", "{B1FA5BB6-6B5D-4C72-80FD-D5A4A6016B1B}"
EndProject
Global
	GlobalSection(SolutionConfigurationPlatforms) = preSolution
		Debug|Any CPU = Debug|Any CPU
		Release|Any CPU = Release|Any CPU
	EndGlobalSection
	GlobalSection(ProjectConfigurationPlatforms) = postSolution
		{B1FA5BB6-6B5D-4C72-80FD-D5A4A6016B1B}.Debug|Any CPU.ActiveCfg = Debug|Any CPU
		{B1FA5BB6-6B5D-4C72-80FD-D5A4A6016B1B}.Debug|Any CPU.Build.0 = Debug|Any CPU
		{B1FA5BB6-6B5D-4C72-80FD-D5A4A6016B1B}.Release|Any CPU.ActiveCfg = Release|Any CPU
		{B1FA5BB6-6B5D-4C72-80FD-D5A4A6016B1B}.Release|Any CPU.Build.0 = Release|Any CPU
	EndGlobalSection
EndGlobal
